{
	"name": "@sharefe-demo-monorepo/repo-a",
	"version": "0.0.1",
	"lockfileVersion": 2,
	"requires": true,
	"packages": {
		"": {
			"name": "@sharefe-demo-monorepo/repo-a",
			"version": "0.0.1",
			"license": "ISC",
			"dependencies": {
				"dayjs": "^1.10.7",
				"lodash": "3.10.1"
			},
			"devDependencies": {
				"replace-template-tags": "^1.1.1"
			}
		},
		"node_modules/dayjs": {
			"version": "1.10.7",
			"resolved": "https://registry.npmjs.org/dayjs/-/dayjs-1.10.7.tgz",
			"integrity": "sha512-P6twpd70BcPK34K26uJ1KT3wlhpuOAPoMwJzpsIWUxHZ7wpmbdZL/hQqBDfz7hGurYSa5PhzdhDHtt319hL3ig=="
		},
		"node_modules/lodash": {
			"version": "3.10.1",
			"resolved": "https://registry.npmjs.org/lodash/-/lodash-3.10.1.tgz",
			"integrity": "sha1-W/Rejkm6QYnhfUgnid/RW9FAt7Y="
		},
		"node_modules/replace-template-tags": {
			"version": "1.1.1",
			"resolved": "https://registry.npmjs.org/replace-template-tags/-/replace-template-tags-1.1.1.tgz",
			"integrity": "sha1-l6lbD7qxLJC/5q/4q1TX08RFe+o=",
			"dev": true
		}
	},
	"dependencies": {
		"dayjs": {
			"version": "1.10.7",
			"resolved": "https://registry.npmjs.org/dayjs/-/dayjs-1.10.7.tgz",
			"integrity": "sha512-P6twpd70BcPK34K26uJ1KT3wlhpuOAPoMwJzpsIWUxHZ7wpmbdZL/hQqBDfz7hGurYSa5PhzdhDHtt319hL3ig=="
		},
		"lodash": {
			"version": "3.10.1",
			"resolved": "https://registry.npmjs.org/lodash/-/lodash-3.10.1.tgz",
			"integrity": "sha1-W/Rejkm6QYnhfUgnid/RW9FAt7Y="
		},
		"replace-template-tags": {
			"version": "1.1.1",
			"resolved": "https://registry.npmjs.org/replace-template-tags/-/replace-template-tags-1.1.1.tgz",
			"integrity": "sha1-l6lbD7qxLJC/5q/4q1TX08RFe+o=",
			"dev": true
		}
	}
}
